// !$*UTF8*$!
{
	archiveVersion = 1;
	classes = {
	};
	objectVersion = 50;
	objects = {

/* Begin PBXBuildFile section */
		D1ED5996245B373A005003C3 /* AppDelegate.swift in Sources */ = {isa = PBXBuildFile; fileRef = D1ED5995245B373A005003C3 /* AppDelegate.swift */; };
		D1ED5998245B373A005003C3 /* SceneDelegate.swift in Sources */ = {isa = PBXBuildFile; fileRef = D1ED5997245B373A005003C3 /* SceneDelegate.swift */; };
		D1ED599A245B373A005003C3 /* ViewController.swift in Sources */ = {isa = PBXBuildFile; fileRef = D1ED5999245B373A005003C3 /* ViewController.swift */; };
		D1ED599D245B373A005003C3 /* Main.storyboard in Resources */ = {isa = PBXBuildFile; fileRef = D1ED599B245B373A005003C3 /* Main.storyboard */; };
		D1ED59A0245B373A005003C3 /* H2O_Tracker.xcdatamodeld in Sources */ = {isa = PBXBuildFile; fileRef = D1ED599E245B373A005003C3 /* H2O_Tracker.xcdatamodeld */; };
		D1ED59A2245B3742005003C3 /* Assets.xcassets in Resources */ = {isa = PBXBuildFile; fileRef = D1ED59A1245B3742005003C3 /* Assets.xcassets */; };
		D1ED59A5245B3742005003C3 /* LaunchScreen.storyboard in Resources */ = {isa = PBXBuildFile; fileRef = D1ED59A3245B3742005003C3 /* LaunchScreen.storyboard */; };
/* End PBXBuildFile section */

/* Begin PBXFileReference section */
		D1ED5992245B373A005003C3 /* H2O-Tracker.app */ = {isa = PBXFileReference; explicitFileType = wrapper.application; includeInIndex = 0; path = "H2O-Tracker.app"; sourceTree = BUILT_PRODUCTS_DIR; };
		D1ED5995245B373A005003C3 /* AppDelegate.swift */ = {isa = PBXFileReference; lastKnownFileType = sourcecode.swift; path = AppDelegate.swift; sourceTree = "<group>"; };
		D1ED5997245B373A005003C3 /* SceneDelegate.swift */ = {isa = PBXFileReference; lastKnownFileType = sourcecode.swift; path = SceneDelegate.swift; sourceTree = "<group>"; };
		D1ED5999245B373A005003C3 /* ViewController.swift */ = {isa = PBXFileReference; lastKnownFileType = sourcecode.swift; path = ViewController.swift; sourceTree = "<group>"; };
		D1ED599C245B373A005003C3 /* Base */ = {isa = PBXFileReference; lastKnownFileType = file.storyboard; name = Base; path = Base.lproj/Main.storyboard; sourceTree = "<group>"; };
		D1ED599F245B373A005003C3 /* H2O_Tracker.xcdatamodel */ = {isa = PBXFileReference; lastKnownFileType = wrapper.xcdatamodel; path = H2O_Tracker.xcdatamodel; sourceTree = "<group>"; };
		D1ED59A1245B3742005003C3 /* Assets.xcassets */ = {isa = PBXFileReference; lastKnownFileType = folder.assetcatalog; path = Assets.xcassets; sourceTree = "<group>"; };
		D1ED59A4245B3742005003C3 /* Base */ = {isa = PBXFileReference; lastKnownFileType = file.storyboard; name = Base; path = Base.lproj/LaunchScreen.storyboard; sourceTree = "<group>"; };
		D1ED59A6245B3742005003C3 /* Info.plist */ = {isa = PBXFileReference; lastKnownFileType = text.plist.xml; path = Info.plist; sourceTree = "<group>"; };
/* End PBXFileReference section */

/* Begin PBXFrameworksBuildPhase section */
		D1ED598F245B373A005003C3 /* Frameworks */ = {
			isa = PBXFrameworksBuildPhase;
			buildActionMask = 2147483647;
			files = (
			);
			runOnlyForDeploymentPostprocessing = 0;
		};
/* End PBXFrameworksBuildPhase section */

/* Begin PBXGroup section */
		D1ED5989245B373A005003C3 = {
			isa = PBXGroup;
			children = (
				D1ED5994245B373A005003C3 /* H2O-Tracker */,
				D1ED5993245B373A005003C3 /* Products */,
			);
			sourceTree = "<group>";
		};
		D1ED5993245B373A005003C3 /* Products */ = {
			isa = PBXGroup;
			children = (
				D1ED5992245B373A005003C3 /* H2O-Tracker.app */,
			);
			name = Products;
			sourceTree = "<group>";
		};
		D1ED5994245B373A005003C3 /* H2O-Tracker */ = {
			isa = PBXGroup;
			children = (
				D1ED5995245B373A005003C3 /* AppDelegate.swift */,
				D1ED5997245B373A005003C3 /* SceneDelegate.swift */,
				D1ED5999245B373A005003C3 /* ViewController.swift */,
				D1ED599B245B373A005003C3 /* Main.storyboard */,
				D1ED59A1245B3742005003C3 /* Assets.xcassets */,
				D1ED59A3245B3742005003C3 /* LaunchScreen.storyboard */,
				D1ED59A6245B3742005003C3 /* Info.plist */,
				D1ED599E245B373A005003C3 /* H2O_Tracker.xcdatamodeld */,
			);
			path = "H2O-Tracker";
			sourceTree = "<group>";
		};
/* End PBXGroup section */

/* Begin PBXNativeTarget section */
		D1ED5991245B373A005003C3 /* H2O-Tracker */ = {
			isa = PBXNativeTarget;
			buildConfigurationList = D1ED59A9245B3742005003C3 /* Build configuration list for PBXNativeTarget "H2O-Tracker" */;
			buildPhases = (
				D1ED598E245B373A005003C3 /* Sources */,
				D1ED598F245B373A005003C3 /* Frameworks */,
				D1ED5990245B373A005003C3 /* Resources */,
			);
			buildRules = (
			);
			dependencies = (
			);
			name = "H2O-Tracker";
			productName = "H2O-Tracker";
			productReference = D1ED5992245B373A005003C3 /* H2O-Tracker.app */;
			productType = "com.apple.product-type.application";
		};
/* End PBXNativeTarget section */

/* Begin PBXProject section */
		D1ED598A245B373A005003C3 /* Project object */ = {
			isa = PBXProject;
			attributes = {
				LastSwiftUpdateCheck = 1130;
				LastUpgradeCheck = 1130;
				ORGANIZATIONNAME = "Apoorv Suri";
				TargetAttributes = {
					D1ED5991245B373A005003C3 = {
						CreatedOnToolsVersion = 11.3.1;
					};
				};
			};
			buildConfigurationList = D1ED598D245B373A005003C3 /* Build configuration list for PBXProject "H2O-Tracker" */;
			compatibilityVersion = "Xcode 9.3";
			developmentRegion = en;
			hasScannedForEncodings = 0;
			knownRegions = (
				en,
				Base,
			);
			mainGroup = D1ED5989245B373A005003C3;
			productRefGroup = D1ED5993245B373A005003C3 /* Products */;
			projectDirPath = "";
			projectRoot = "";
			targets = (
				D1ED5991245B373A005003C3 /* H2O-Tracker */,
			);
		};
/* End PBXProject section */

/* Begin PBXResourcesBuildPhase section */
		D1ED5990245B373A005003C3 /* Resources */ = {
			isa = PBXResourcesBuildPhase;
			buildActionMask = 2147483647;
			files = (
				D1ED59A5245B3742005003C3 /* LaunchScreen.storyboard in Resources */,
				D1ED59A2245B3742005003C3 /* Assets.xcassets in Resources */,
				D1ED599D245B373A005003C3 /* Main.storyboard in Resources */,
			);
			runOnlyForDeploymentPostprocessing = 0;
		};
/* End PBXResourcesBuildPhase section */

/* Begin PBXSourcesBuildPhase section */
		D1ED598E245B373A005003C3 /* Sources */ = {
			isa = PBXSourcesBuildPhase;
			buildActionMask = 2147483647;
			files = (
				D1ED59A0245B373A005003C3 /* H2O_Tracker.xcdatamodeld in Sources */,
				D1ED599A245B373A005003C3 /* ViewController.swift in Sources */,
				D1ED5996245B373A005003C3 /* AppDelegate.swift in Sources */,
				D1ED5998245B373A005003C3 /* SceneDelegate.swift in Sources */,
			);
			runOnlyForDeploymentPostprocessing = 0;
		};
/* End PBXSourcesBuildPhase section */

/* Begin PBXVariantGroup section */
		D1ED599B245B373A005003C3 /* Main.storyboard */ = {
			isa = PBXVariantGroup;
			children = (
				D1ED599C245B373A005003C3 /* Base */,
			);
			name = Main.storyboard;
			sourceTree = "<group>";
		};
		D1ED59A3245B3742005003C3 /* LaunchScreen.storyboard */ = {
			isa = PBXVariantGroup;
			children = (
				D1ED59A4245B3742005003C3 /* Base */,
			);
			name = LaunchScreen.storyboard;
			sourceTree = "<group>";
		};
/* End PBXVariantGroup section */

/* Begin XCBuildConfiguration section */
		D1ED59A7245B3742005003C3 /* Debug */ = {
			isa = XCBuildConfiguration;
			buildSettings = {
				ALWAYS_SEARCH_USER_PATHS = NO;
				CLANG_ANALYZER_NONNULL = YES;
				CLANG_ANALYZER_NUMBER_OBJECT_CONVERSION = YES_AGGRESSIVE;
				CLANG_CXX_LANGUAGE_STANDARD = "gnu++14";
				CLANG_CXX_LIBRARY = "libc++";
				CLANG_ENABLE_MODULES = YES;
				CLANG_ENABLE_OBJC_ARC = YES;
				CLANG_ENABLE_OBJC_WEAK = YES;
				CLANG_WARN_BLOCK_CAPTURE_AUTORELEASING = YES;
				CLANG_WARN_BOOL_CONVERSION = YES;
				CLANG_WARN_COMMA = YES;
				CLANG_WARN_CONSTANT_CONVERSION = YES;
				CLANG_WARN_DEPRECATED_OBJC_IMPLEMENTATIONS = YES;
				CLANG_WARN_DIRECT_OBJC_ISA_USAGE = YES_ERROR;
				CLANG_WARN_DOCUMENTATION_COMMENTS = YES;
				CLANG_WARN_EMPTY_BODY = YES;
				CLANG_WARN_ENUM_CONVERSION = YES;
				CLANG_WARN_INFINITE_RECURSION = YES;
				CLANG_WARN_INT_CONVERSION = YES;
				CLANG_WARN_NON_LITERAL_NULL_CONVERSION = YES;
				CLANG_WARN_OBJC_IMPLICIT_RETAIN_SELF = YES;
				CLANG_WARN_OBJC_LITERAL_CONVERSION = YES;
				CLANG_WARN_OBJC_ROOT_CLASS = YES_ERROR;
				CLANG_WARN_RANGE_LOOP_ANALYSIS = YES;
				CLANG_WARN_STRICT_PROTOTYPES = YES;
				CLANG_WARN_SUSPICIOUS_MOVE = YES;
				CLANG_WARN_UNGUARDED_AVAILABILITY = YES_AGGRESSIVE;
				CLANG_WARN_UNREACHABLE_CODE = YES;
				CLANG_WARN__DUPLICATE_METHOD_MATCH = YES;
				COPY_PHASE_STRIP = NO;
				DEBUG_INFORMATION_FORMAT = dwarf;
				ENABLE_STRICT_OBJC_MSGSEND = YES;
				ENABLE_TESTABILITY = YES;
				GCC_C_LANGUAGE_STANDARD = gnu11;
				GCC_DYNAMIC_NO_PIC = NO;
				GCC_NO_COMMON_BLOCKS = YES;
				GCC_OPTIMIZATION_LEVEL = 0;
				GCC_PREPROCESSOR_DEFINITIONS = (
					"DEBUG=1",
					"$(inherited)",
				);
				GCC_WARN_64_TO_32_BIT_CONVERSION = YES;
				GCC_WARN_ABOUT_RETURN_TYPE = YES_ERROR;
				GCC_WARN_UNDECLARED_SELECTOR = YES;
				GCC_WARN_UNINITIALIZED_AUTOS = YES_AGGRESSIVE;
				GCC_WARN_UNUSED_FUNCTION = YES;
				GCC_WARN_UNUSED_VARIABLE = YES;
				IPHONEOS_DEPLOYMENT_TARGET = 13.2;
				MTL_ENABLE_DEBUG_INFO = INCLUDE_SOURCE;
				MTL_FAST_MATH = YES;
				ONLY_ACTIVE_ARCH = YES;
				SDKROOT = iphoneos;
				SWIFT_ACTIVE_COMPILATION_CONDITIONS = DEBUG;
				SWIFT_OPTIMIZATION_LEVEL = "-Onone";
			};
			name = Debug;
		};
		D1ED59A8245B3742005003C3 /* Release */ = {
			isa = XCBuildConfiguration;
			buildSettings = {
				ALWAYS_SEARCH_USER_PATHS = NO;
				CLANG_ANALYZER_NONNULL = YES;
				CLANG_ANALYZER_NUMBER_OBJECT_CONVERSION = YES_AGGRESSIVE;
				CLANG_CXX_LANGUAGE_STANDARD = "gnu++14";
				CLANG_CXX_LIBRARY = "libc++";
				CLANG_ENABLE_MODULES = YES;
				CLANG_ENABLE_OBJC_ARC = YES;
				CLANG_ENABLE_OBJC_WEAK = YES;
				CLANG_WARN_BLOCK_CAPTURE_AUTORELEASING = YES;
				CLANG_WARN_BOOL_CONVERSION = YES;
				CLANG_WARN_COMMA = YES;
				CLANG_WARN_CONSTANT_CONVERSION = YES;
				CLANG_WARN_DEPRECATED_OBJC_IMPLEMENTATIONS = YES;
				CLANG_WARN_DIRECT_OBJC_ISA_USAGE = YES_ERROR;
				CLANG_WARN_DOCUMENTATION_COMMENTS = YES;
				CLANG_WARN_EMPTY_BODY = YES;
				CLANG_WARN_ENUM_CONVERSION = YES;
				CLANG_WARN_INFINITE_RECURSION = YES;
				CLANG_WARN_INT_CONVERSION = YES;
				CLANG_WARN_NON_LITERAL_NULL_CONVERSION = YES;
				CLANG_WARN_OBJC_IMPLICIT_RETAIN_SELF = YES;
				CLANG_WARN_OBJC_LITERAL_CONVERSION = YES;
				CLANG_WARN_OBJC_ROOT_CLASS = YES_ERROR;
				CLANG_WARN_RANGE_LOOP_ANALYSIS = YES;
				CLANG_WARN_STRICT_PROTOTYPES = YES;
				CLANG_WARN_SUSPICIOUS_MOVE = YES;
				CLANG_WARN_UNGUARDED_AVAILABILITY = YES_AGGRESSIVE;
				CLANG_WARN_UNREACHABLE_CODE = YES;
				CLANG_WARN__DUPLICATE_METHOD_MATCH = YES;
				COPY_PHASE_STRIP = NO;
				DEBUG_INFORMATION_FORMAT = "dwarf-with-dsym";
				ENABLE_NS_ASSERTIONS = NO;
				ENABLE_STRICT_OBJC_MSGSEND = YES;
				GCC_C_LANGUAGE_STANDARD = gnu11;
				GCC_NO_COMMON_BLOCKS = YES;
				GCC_WARN_64_TO_32_BIT_CONVERSION = YES;
				GCC_WARN_ABOUT_RETURN_TYPE = YES_ERROR;
				GCC_WARN_UNDECLARED_SELECTOR = YES;
				GCC_WARN_UNINITIALIZED_AUTOS = YES_AGGRESSIVE;
				GCC_WARN_UNUSED_FUNCTION = YES;
				GCC_WARN_UNUSED_VARIABLE = YES;
				IPHONEOS_DEPLOYMENT_TARGET = 13.2;
				MTL_ENABLE_DEBUG_INFO = NO;
				MTL_FAST_MATH = YES;
				SDKROOT = iphoneos;
				SWIFT_COMPILATION_MODE = wholemodule;
				SWIFT_OPTIMIZATION_LEVEL = "-O";
				VALIDATE_PRODUCT = YES;
			};
			name = Release;
		};
		D1ED59AA245B3742005003C3 /* Debug */ = {
			isa = XCBuildConfiguration;
			buildSettings = {
				ASSETCATALOG_COMPILER_APPICON_NAME = AppIcon;
				CODE_SIGN_STYLE = Automatic;
				DEVELOPMENT_TEAM = 5QFXYWJ2AK;
				INFOPLIST_FILE = "H2O-Tracker/Info.plist";
				LD_RUNPATH_SEARCH_PATHS = (
					"$(inherited)",
					"@executable_path/Frameworks",
				);
				PRODUCT_BUNDLE_IDENTIFIER = "ApoorvSuri.H2O-Tracker";
				PRODUCT_NAME = "$(TARGET_NAME)";
				SWIFT_VERSION = 5.0;
				TARGETED_DEVICE_FAMILY = "1,2";
			};
			name = Debug;
		};
		D1ED59AB245B3742005003C3 /* Release */ = {
			isa = XCBuildConfiguration;
			buildSettings = {
				ASSETCATALOG_COMPILER_APPICON_NAME = AppIcon;
				CODE_SIGN_STYLE = Automatic;
				DEVELOPMENT_TEAM = 5QFXYWJ2AK;
				INFOPLIST_FILE = "H2O-Tracker/Info.plist";
				LD_RUNPATH_SEARCH_PATHS = (
					"$(inherited)",
					"@executable_path/Frameworks",
				);
				PRODUCT_BUNDLE_IDENTIFIER = "ApoorvSuri.H2O-Tracker";
				PRODUCT_NAME = "$(TARGET_NAME)";
				SWIFT_VERSION = 5.0;
				TARGETED_DEVICE_FAMILY = "1,2";
			};
			name = Release;
		};
/* End XCBuildConfiguration section */

/* Begin XCConfigurationList section */
		D1ED598D245B373A005003C3 /* Build configuration list for PBXProject "H2O-Tracker" */ = {
			isa = XCConfigurationList;
			buildConfigurations = (
				D1ED59A7245B3742005003C3 /* Debug */,
				D1ED59A8245B3742005003C3 /* Release */,
			);
			defaultConfigurationIsVisible = 0;
			defaultConfigurationName = Release;
		};
		D1ED59A9245B3742005003C3 /* Build configuration list for PBXNativeTarget "H2O-Tracker" */ = {
			isa = XCConfigurationList;
			buildConfigurations = (
				D1ED59AA245B3742005003C3 /* Debug */,
				D1ED59AB245B3742005003C3 /* Release */,
			);
			defaultConfigurationIsVisible = 0;
			defaultConfigurationName = Release;
		};
/* End XCConfigurationList section */

/* Begin XCVersionGroup section */
		D1ED599E245B373A005003C3 /* H2O_Tracker.xcdatamodeld */ = {
			isa = XCVersionGroup;
			children = (
				D1ED599F245B373A005003C3 /* H2O_Tracker.xcdatamodel */,
			);
			currentVersion = D1ED599F245B373A005003C3 /* H2O_Tracker.xcdatamodel */;
			path = H2O_Tracker.xcdatamodeld;
			sourceTree = "<group>";
			versionGroupType = wrapper.xcdatamodel;
		};
/* End XCVersionGroup section */
	};
	rootObject = D1ED598A245B373A005003C3 /* Project object */;
}
